// !$*UTF8*$!
{
	archiveVersion = 1;
	classes = {
	};
	objectVersion = 46;
	objects = {

/* Begin PBXBuildFile section */
		26A7A3B81ADCD03800C248C2 /* AppDelegate.swift in Sources */ = {isa = PBXBuildFile; fileRef = 26A7A3B71ADCD03800C248C2 /* AppDelegate.swift */; };
		26A7A3BA1ADCD03800C248C2 /* GameScene.sks in Resources */ = {isa = PBXBuildFile; fileRef = 26A7A3B91ADCD03800C248C2 /* GameScene.sks */; };
		26A7A3BC1ADCD03800C248C2 /* GameScene.swift in Sources */ = {isa = PBXBuildFile; fileRef = 26A7A3BB1ADCD03800C248C2 /* GameScene.swift */; };
		26A7A3BE1ADCD03800C248C2 /* GameViewController.swift in Sources */ = {isa = PBXBuildFile; fileRef = 26A7A3BD1ADCD03800C248C2 /* GameViewController.swift */; };
		26A7A3C11ADCD03800C248C2 /* Main.storyboard in Resources */ = {isa = PBXBuildFile; fileRef = 26A7A3BF1ADCD03800C248C2 /* Main.storyboard */; };
		26A7A3C31ADCD03800C248C2 /* Images.xcassets in Resources */ = {isa = PBXBuildFile; fileRef = 26A7A3C21ADCD03800C248C2 /* Images.xcassets */; };
		26A7A3C61ADCD03800C248C2 /* LaunchScreen.xib in Resources */ = {isa = PBXBuildFile; fileRef = 26A7A3C41ADCD03800C248C2 /* LaunchScreen.xib */; };
		26A7A3D21ADCD03800C248C2 /* NimbleNinjaTests.swift in Sources */ = {isa = PBXBuildFile; fileRef = 26A7A3D11ADCD03800C248C2 /* NimbleNinjaTests.swift */; };
/* End PBXBuildFile section */

/* Begin PBXContainerItemProxy section */
		26A7A3CC1ADCD03800C248C2 /* PBXContainerItemProxy */ = {
			isa = PBXContainerItemProxy;
			containerPortal = 26A7A3AA1ADCD03800C248C2 /* Project object */;
			proxyType = 1;
			remoteGlobalIDString = 26A7A3B11ADCD03800C248C2;
			remoteInfo = NimbleNinja;
		};
/* End PBXContainerItemProxy section */

/* Begin PBXFileReference section */
		26A7A3B21ADCD03800C248C2 /* Nimble Ninja.app */ = {isa = PBXFileReference; explicitFileType = wrapper.application; includeInIndex = 0; path = "Nimble Ninja.app"; sourceTree = BUILT_PRODUCTS_DIR; };
		26A7A3B61ADCD03800C248C2 /* Info.plist */ = {isa = PBXFileReference; lastKnownFileType = text.plist.xml; path = Info.plist; sourceTree = "<group>"; };
		26A7A3B71ADCD03800C248C2 /* AppDelegate.swift */ = {isa = PBXFileReference; lastKnownFileType = sourcecode.swift; path = AppDelegate.swift; sourceTree = "<group>"; };
		26A7A3B91ADCD03800C248C2 /* GameScene.sks */ = {isa = PBXFileReference; lastKnownFileType = file.sks; path = GameScene.sks; sourceTree = "<group>"; };
		26A7A3BB1ADCD03800C248C2 /* GameScene.swift */ = {isa = PBXFileReference; lastKnownFileType = sourcecode.swift; path = GameScene.swift; sourceTree = "<group>"; };
		26A7A3BD1ADCD03800C248C2 /* GameViewController.swift */ = {isa = PBXFileReference; lastKnownFileType = sourcecode.swift; path = GameViewController.swift; sourceTree = "<group>"; };
		26A7A3C01ADCD03800C248C2 /* Base */ = {isa = PBXFileReference; lastKnownFileType = file.storyboard; name = Base; path = Base.lproj/Main.storyboard; sourceTree = "<group>"; };
		26A7A3C21ADCD03800C248C2 /* Images.xcassets */ = {isa = PBXFileReference; lastKnownFileType = folder.assetcatalog; path = Images.xcassets; sourceTree = "<group>"; };
		26A7A3C51ADCD03800C248C2 /* Base */ = {isa = PBXFileReference; lastKnownFileType = file.xib; name = Base; path = Base.lproj/LaunchScreen.xib; sourceTree = "<group>"; };
		26A7A3CB1ADCD03800C248C2 /* NimbleNinjaTests.xctest */ = {isa = PBXFileReference; explicitFileType = wrapper.cfbundle; includeInIndex = 0; path = NimbleNinjaTests.xctest; sourceTree = BUILT_PRODUCTS_DIR; };
		26A7A3D01ADCD03800C248C2 /* Info.plist */ = {isa = PBXFileReference; lastKnownFileType = text.plist.xml; path = Info.plist; sourceTree = "<group>"; };
		26A7A3D11ADCD03800C248C2 /* NimbleNinjaTests.swift */ = {isa = PBXFileReference; lastKnownFileType = sourcecode.swift; path = NimbleNinjaTests.swift; sourceTree = "<group>"; };
/* End PBXFileReference section */

/* Begin PBXFrameworksBuildPhase section */
		26A7A3AF1ADCD03800C248C2 /* Frameworks */ = {
			isa = PBXFrameworksBuildPhase;
			buildActionMask = 2147483647;
			files = (
			);
			runOnlyForDeploymentPostprocessing = 0;
		};
		26A7A3C81ADCD03800C248C2 /* Frameworks */ = {
			isa = PBXFrameworksBuildPhase;
			buildActionMask = 2147483647;
			files = (
			);
			runOnlyForDeploymentPostprocessing = 0;
		};
/* End PBXFrameworksBuildPhase section */

/* Begin PBXGroup section */
		26A7A3A91ADCD03800C248C2 = {
			isa = PBXGroup;
			children = (
				26A7A3B41ADCD03800C248C2 /* NimbleNinja */,
				26A7A3CE1ADCD03800C248C2 /* NimbleNinjaTests */,
				26A7A3B31ADCD03800C248C2 /* Products */,
			);
			sourceTree = "<group>";
		};
		26A7A3B31ADCD03800C248C2 /* Products */ = {
			isa = PBXGroup;
			children = (
				26A7A3B21ADCD03800C248C2 /* Nimble Ninja.app */,
				26A7A3CB1ADCD03800C248C2 /* NimbleNinjaTests.xctest */,
			);
			name = Products;
			sourceTree = "<group>";
		};
		26A7A3B41ADCD03800C248C2 /* NimbleNinja */ = {
			isa = PBXGroup;
			children = (
				26A7A3B71ADCD03800C248C2 /* AppDelegate.swift */,
				26A7A3B91ADCD03800C248C2 /* GameScene.sks */,
				26A7A3BB1ADCD03800C248C2 /* GameScene.swift */,
				26A7A3BD1ADCD03800C248C2 /* GameViewController.swift */,
				26A7A3BF1ADCD03800C248C2 /* Main.storyboard */,
				26A7A3C21ADCD03800C248C2 /* Images.xcassets */,
				26A7A3C41ADCD03800C248C2 /* LaunchScreen.xib */,
				26A7A3B51ADCD03800C248C2 /* Supporting Files */,
			);
			path = NimbleNinja;
			sourceTree = "<group>";
		};
		26A7A3B51ADCD03800C248C2 /* Supporting Files */ = {
			isa = PBXGroup;
			children = (
				26A7A3B61ADCD03800C248C2 /* Info.plist */,
			);
			name = "Supporting Files";
			sourceTree = "<group>";
		};
		26A7A3CE1ADCD03800C248C2 /* NimbleNinjaTests */ = {
			isa = PBXGroup;
			children = (
				26A7A3D11ADCD03800C248C2 /* NimbleNinjaTests.swift */,
				26A7A3CF1ADCD03800C248C2 /* Supporting Files */,
			);
			path = NimbleNinjaTests;
			sourceTree = "<group>";
		};
		26A7A3CF1ADCD03800C248C2 /* Supporting Files */ = {
			isa = PBXGroup;
			children = (
				26A7A3D01ADCD03800C248C2 /* Info.plist */,
			);
			name = "Supporting Files";
			sourceTree = "<group>";
		};
/* End PBXGroup section */

/* Begin PBXNativeTarget section */
		26A7A3B11ADCD03800C248C2 /* NimbleNinja */ = {
			isa = PBXNativeTarget;
			buildConfigurationList = 26A7A3D51ADCD03800C248C2 /* Build configuration list for PBXNativeTarget "NimbleNinja" */;
			buildPhases = (
				26A7A3AE1ADCD03800C248C2 /* Sources */,
				26A7A3AF1ADCD03800C248C2 /* Frameworks */,
				26A7A3B01ADCD03800C248C2 /* Resources */,
			);
			buildRules = (
			);
			dependencies = (
			);
			name = NimbleNinja;
			productName = NimbleNinja;
			productReference = 26A7A3B21ADCD03800C248C2 /* Nimble Ninja.app */;
			productType = "com.apple.product-type.application";
		};
		26A7A3CA1ADCD03800C248C2 /* NimbleNinjaTests */ = {
			isa = PBXNativeTarget;
			buildConfigurationList = 26A7A3D81ADCD03800C248C2 /* Build configuration list for PBXNativeTarget "NimbleNinjaTests" */;
			buildPhases = (
				26A7A3C71ADCD03800C248C2 /* Sources */,
				26A7A3C81ADCD03800C248C2 /* Frameworks */,
				26A7A3C91ADCD03800C248C2 /* Resources */,
			);
			buildRules = (
			);
			dependencies = (
				26A7A3CD1ADCD03800C248C2 /* PBXTargetDependency */,
			);
			name = NimbleNinjaTests;
			productName = NimbleNinjaTests;
			productReference = 26A7A3CB1ADCD03800C248C2 /* NimbleNinjaTests.xctest */;
			productType = "com.apple.product-type.bundle.unit-test";
		};
/* End PBXNativeTarget section */

/* Begin PBXProject section */
		26A7A3AA1ADCD03800C248C2 /* Project object */ = {
			isa = PBXProject;
			attributes = {
				LastUpgradeCheck = 0630;
				ORGANIZATIONNAME = TEAM;
				TargetAttributes = {
					26A7A3B11ADCD03800C248C2 = {
						CreatedOnToolsVersion = 6.3;
					};
					26A7A3CA1ADCD03800C248C2 = {
						CreatedOnToolsVersion = 6.3;
						TestTargetID = 26A7A3B11ADCD03800C248C2;
					};
				};
			};
			buildConfigurationList = 26A7A3AD1ADCD03800C248C2 /* Build configuration list for PBXProject "NimbleNinja" */;
			compatibilityVersion = "Xcode 3.2";
			developmentRegion = English;
			hasScannedForEncodings = 0;
			knownRegions = (
				en,
				Base,
			);
			mainGroup = 26A7A3A91ADCD03800C248C2;
			productRefGroup = 26A7A3B31ADCD03800C248C2 /* Products */;
			projectDirPath = "";
			projectRoot = "";
			targets = (
				26A7A3B11ADCD03800C248C2 /* NimbleNinja */,
				26A7A3CA1ADCD03800C248C2 /* NimbleNinjaTests */,
			);
		};
/* End PBXProject section */

/* Begin PBXResourcesBuildPhase section */
		26A7A3B01ADCD03800C248C2 /* Resources */ = {
			isa = PBXResourcesBuildPhase;
			buildActionMask = 2147483647;
			files = (
				26A7A3C61ADCD03800C248C2 /* LaunchScreen.xib in Resources */,
				26A7A3C31ADCD03800C248C2 /* Images.xcassets in Resources */,
				26A7A3BA1ADCD03800C248C2 /* GameScene.sks in Resources */,
				26A7A3C11ADCD03800C248C2 /* Main.storyboard in Resources */,
			);
			runOnlyForDeploymentPostprocessing = 0;
		};
		26A7A3C91ADCD03800C248C2 /* Resources */ = {
			isa = PBXResourcesBuildPhase;
			buildActionMask = 2147483647;
			files = (
			);
			runOnlyForDeploymentPostprocessing = 0;
		};
/* End PBXResourcesBuildPhase section */

/* Begin PBXSourcesBuildPhase section */
		26A7A3AE1ADCD03800C248C2 /* Sources */ = {
			isa = PBXSourcesBuildPhase;
			buildActionMask = 2147483647;
			files = (
				26A7A3BC1ADCD03800C248C2 /* GameScene.swift in Sources */,
				26A7A3BE1ADCD03800C248C2 /* GameViewController.swift in Sources */,
				26A7A3B81ADCD03800C248C2 /* AppDelegate.swift in Sources */,
			);
			runOnlyForDeploymentPostprocessing = 0;
		};
		26A7A3C71ADCD03800C248C2 /* Sources */ = {
			isa = PBXSourcesBuildPhase;
			buildActionMask = 2147483647;
			files = (
				26A7A3D21ADCD03800C248C2 /* NimbleNinjaTests.swift in Sources */,
			);
			runOnlyForDeploymentPostprocessing = 0;
		};
/* End PBXSourcesBuildPhase section */

/* Begin PBXTargetDependency section */
		26A7A3CD1ADCD03800C248C2 /* PBXTargetDependency */ = {
			isa = PBXTargetDependency;
			target = 26A7A3B11ADCD03800C248C2 /* NimbleNinja */;
			targetProxy = 26A7A3CC1ADCD03800C248C2 /* PBXContainerItemProxy */;
		};
/* End PBXTargetDependency section */

/* Begin PBXVariantGroup section */
		26A7A3BF1ADCD03800C248C2 /* Main.storyboard */ = {
			isa = PBXVariantGroup;
			children = (
				26A7A3C01ADCD03800C248C2 /* Base */,
			);
			name = Main.storyboard;
			sourceTree = "<group>";
		};
		26A7A3C41ADCD03800C248C2 /* LaunchScreen.xib */ = {
			isa = PBXVariantGroup;
			children = (
				26A7A3C51ADCD03800C248C2 /* Base */,
			);
			name = LaunchScreen.xib;
			sourceTree = "<group>";
		};
/* End PBXVariantGroup section */

/* Begin XCBuildConfiguration section */
		26A7A3D31ADCD03800C248C2 /* Debug */ = {
			isa = XCBuildConfiguration;
			buildSettings = {
				ALWAYS_SEARCH_USER_PATHS = NO;
				CLANG_CXX_LANGUAGE_STANDARD = "gnu++0x";
				CLANG_CXX_LIBRARY = "libc++";
				CLANG_ENABLE_MODULES = YES;
				CLANG_ENABLE_OBJC_ARC = YES;
				CLANG_WARN_BOOL_CONVERSION = YES;
				CLANG_WARN_CONSTANT_CONVERSION = YES;
				CLANG_WARN_DIRECT_OBJC_ISA_USAGE = YES_ERROR;
				CLANG_WARN_EMPTY_BODY = YES;
				CLANG_WARN_ENUM_CONVERSION = YES;
				CLANG_WARN_INT_CONVERSION = YES;
				CLANG_WARN_OBJC_ROOT_CLASS = YES_ERROR;
				CLANG_WARN_UNREACHABLE_CODE = YES;
				CLANG_WARN__DUPLICATE_METHOD_MATCH = YES;
				"CODE_SIGN_IDENTITY[sdk=iphoneos*]" = "iPhone Developer";
				COPY_PHASE_STRIP = NO;
				DEBUG_INFORMATION_FORMAT = "dwarf-with-dsym";
				ENABLE_STRICT_OBJC_MSGSEND = YES;
				GCC_C_LANGUAGE_STANDARD = gnu99;
				GCC_DYNAMIC_NO_PIC = NO;
				GCC_NO_COMMON_BLOCKS = YES;
				GCC_OPTIMIZATION_LEVEL = 0;
				GCC_PREPROCESSOR_DEFINITIONS = (
					"DEBUG=1",
					"$(inherited)",
				);
				GCC_SYMBOLS_PRIVATE_EXTERN = NO;
				GCC_WARN_64_TO_32_BIT_CONVERSION = YES;
				GCC_WARN_ABOUT_RETURN_TYPE = YES_ERROR;
				GCC_WARN_UNDECLARED_SELECTOR = YES;
				GCC_WARN_UNINITIALIZED_AUTOS = YES_AGGRESSIVE;
				GCC_WARN_UNUSED_FUNCTION = YES;
				GCC_WARN_UNUSED_VARIABLE = YES;
				IPHONEOS_DEPLOYMENT_TARGET = 8.3;
				MTL_ENABLE_DEBUG_INFO = YES;
				ONLY_ACTIVE_ARCH = YES;
				SDKROOT = iphoneos;
				SWIFT_OPTIMIZATION_LEVEL = "-Onone";
			};
			name = Debug;
		};
		26A7A3D41ADCD03800C248C2 /* Release */ = {
			isa = XCBuildConfiguration;
			buildSettings = {
				ALWAYS_SEARCH_USER_PATHS = NO;
				CLANG_CXX_LANGUAGE_STANDARD = "gnu++0x";
				CLANG_CXX_LIBRARY = "libc++";
				CLANG_ENABLE_MODULES = YES;
				CLANG_ENABLE_OBJC_ARC = YES;
				CLANG_WARN_BOOL_CONVERSION = YES;
				CLANG_WARN_CONSTANT_CONVERSION = YES;
				CLANG_WARN_DIRECT_OBJC_ISA_USAGE = YES_ERROR;
				CLANG_WARN_EMPTY_BODY = YES;
				CLANG_WARN_ENUM_CONVERSION = YES;
				CLANG_WARN_INT_CONVERSION = YES;
				CLANG_WARN_OBJC_ROOT_CLASS = YES_ERROR;
				CLANG_WARN_UNREACHABLE_CODE = YES;
				CLANG_WARN__DUPLICATE_METHOD_MATCH = YES;
				"CODE_SIGN_IDENTITY[sdk=iphoneos*]" = "iPhone Developer";
				COPY_PHASE_STRIP = NO;
				DEBUG_INFORMATION_FORMAT = "dwarf-with-dsym";
				ENABLE_NS_ASSERTIONS = NO;
				ENABLE_STRICT_OBJC_MSGSEND = YES;
				GCC_C_LANGUAGE_STANDARD = gnu99;
				GCC_NO_COMMON_BLOCKS = YES;
				GCC_WARN_64_TO_32_BIT_CONVERSION = YES;
				GCC_WARN_ABOUT_RETURN_TYPE = YES_ERROR;
				GCC_WARN_UNDECLARED_SELECTOR = YES;
				GCC_WARN_UNINITIALIZED_AUTOS = YES_AGGRESSIVE;
				GCC_WARN_UNUSED_FUNCTION = YES;
				GCC_WARN_UNUSED_VARIABLE = YES;
				IPHONEOS_DEPLOYMENT_TARGET = 8.3;
				MTL_ENABLE_DEBUG_INFO = NO;
				SDKROOT = iphoneos;
				VALIDATE_PRODUCT = YES;
			};
			name = Release;
		};
		26A7A3D61ADCD03800C248C2 /* Debug */ = {
			isa = XCBuildConfiguration;
			buildSettings = {
				ASSETCATALOG_COMPILER_APPICON_NAME = AppIcon;
				INFOPLIST_FILE = NimbleNinja/Info.plist;
				LD_RUNPATH_SEARCH_PATHS = "$(inherited) @executable_path/Frameworks";
				PRODUCT_NAME = "Nimble Ninja";
			};
			name = Debug;
		};
		26A7A3D71ADCD03800C248C2 /* Release */ = {
			isa = XCBuildConfiguration;
			buildSettings = {
				ASSETCATALOG_COMPILER_APPICON_NAME = AppIcon;
				INFOPLIST_FILE = NimbleNinja/Info.plist;
				LD_RUNPATH_SEARCH_PATHS = "$(inherited) @executable_path/Frameworks";
				PRODUCT_NAME = "Nimble Ninja";
			};
			name = Release;
		};
		26A7A3D91ADCD03800C248C2 /* Debug */ = {
			isa = XCBuildConfiguration;
			buildSettings = {
				BUNDLE_LOADER = "$(TEST_HOST)";
				FRAMEWORK_SEARCH_PATHS = (
					"$(SDKROOT)/Developer/Library/Frameworks",
					"$(inherited)",
				);
				GCC_PREPROCESSOR_DEFINITIONS = (
					"DEBUG=1",
					"$(inherited)",
				);
				INFOPLIST_FILE = NimbleNinjaTests/Info.plist;
				LD_RUNPATH_SEARCH_PATHS = "$(inherited) @executable_path/Frameworks @loader_path/Frameworks";
				PRODUCT_NAME = "$(TARGET_NAME)";
				TEST_HOST = "$(BUILT_PRODUCTS_DIR)/NimbleNinja.app/NimbleNinja";
			};
			name = Debug;
		};
		26A7A3DA1ADCD03800C248C2 /* Release */ = {
			isa = XCBuildConfiguration;
			buildSettings = {
				BUNDLE_LOADER = "$(TEST_HOST)";
				FRAMEWORK_SEARCH_PATHS = (
					"$(SDKROOT)/Developer/Library/Frameworks",
					"$(inherited)",
				);
				INFOPLIST_FILE = NimbleNinjaTests/Info.plist;
				LD_RUNPATH_SEARCH_PATHS = "$(inherited) @executable_path/Frameworks @loader_path/Frameworks";
				PRODUCT_NAME = "$(TARGET_NAME)";
				TEST_HOST = "$(BUILT_PRODUCTS_DIR)/NimbleNinja.app/NimbleNinja";
			};
			name = Release;
		};
/* End XCBuildConfiguration section */

/* Begin XCConfigurationList section */
		26A7A3AD1ADCD03800C248C2 /* Build configuration list for PBXProject "NimbleNinja" */ = {
			isa = XCConfigurationList;
			buildConfigurations = (
				26A7A3D31ADCD03800C248C2 /* Debug */,
				26A7A3D41ADCD03800C248C2 /* Release */,
			);
			defaultConfigurationIsVisible = 0;
			defaultConfigurationName = Release;
		};
		26A7A3D51ADCD03800C248C2 /* Build configuration list for PBXNativeTarget "NimbleNinja" */ = {
			isa = XCConfigurationList;
			buildConfigurations = (
				26A7A3D61ADCD03800C248C2 /* Debug */,
				26A7A3D71ADCD03800C248C2 /* Release */,
			);
			defaultConfigurationIsVisible = 0;
		};
		26A7A3D81ADCD03800C248C2 /* Build configuration list for PBXNativeTarget "NimbleNinjaTests" */ = {
			isa = XCConfigurationList;
			buildConfigurations = (
				26A7A3D91ADCD03800C248C2 /* Debug */,
				26A7A3DA1ADCD03800C248C2 /* Release */,
			);
			defaultConfigurationIsVisible = 0;
		};
/* End XCConfigurationList section */
	};
	rootObject = 26A7A3AA1ADCD03800C248C2 /* Project object */;
}
